// !$*UTF8*$!
{
	archiveVersion = 1;
	classes = {
	};
	objectVersion = 55;
	objects = {

/* Begin PBXBuildFile section */
		E643AA2627F3847400BE5989 /* AppDelegate.swift in Sources */ = {isa = PBXBuildFile; fileRef = E643AA2527F3847400BE5989 /* AppDelegate.swift */; };
		E643AA2827F3847400BE5989 /* SceneDelegate.swift in Sources */ = {isa = PBXBuildFile; fileRef = E643AA2727F3847400BE5989 /* SceneDelegate.swift */; };
		E643AA2F27F3847E00BE5989 /* Assets.xcassets in Resources */ = {isa = PBXBuildFile; fileRef = E643AA2E27F3847E00BE5989 /* Assets.xcassets */; };
		E643AA3227F3847E00BE5989 /* LaunchScreen.storyboard in Resources */ = {isa = PBXBuildFile; fileRef = E643AA3027F3847E00BE5989 /* LaunchScreen.storyboard */; };
		E643AA3F27F38A7700BE5989 /* LoginScreenViewController.swift in Sources */ = {isa = PBXBuildFile; fileRef = E643AA3D27F38A7700BE5989 /* LoginScreenViewController.swift */; };
		E643AA4027F38A7700BE5989 /* LoginScreen.xib in Resources */ = {isa = PBXBuildFile; fileRef = E643AA3E27F38A7700BE5989 /* LoginScreen.xib */; };
/* End PBXBuildFile section */

/* Begin PBXFileReference section */
		E643AA2227F3847400BE5989 /* MobileUpTestTask.app */ = {isa = PBXFileReference; explicitFileType = wrapper.application; includeInIndex = 0; path = MobileUpTestTask.app; sourceTree = BUILT_PRODUCTS_DIR; };
		E643AA2527F3847400BE5989 /* AppDelegate.swift */ = {isa = PBXFileReference; lastKnownFileType = sourcecode.swift; path = AppDelegate.swift; sourceTree = "<group>"; };
		E643AA2727F3847400BE5989 /* SceneDelegate.swift */ = {isa = PBXFileReference; lastKnownFileType = sourcecode.swift; path = SceneDelegate.swift; sourceTree = "<group>"; };
		E643AA2E27F3847E00BE5989 /* Assets.xcassets */ = {isa = PBXFileReference; lastKnownFileType = folder.assetcatalog; path = Assets.xcassets; sourceTree = "<group>"; };
		E643AA3127F3847E00BE5989 /* Base */ = {isa = PBXFileReference; lastKnownFileType = file.storyboard; name = Base; path = Base.lproj/LaunchScreen.storyboard; sourceTree = "<group>"; };
		E643AA3327F3847E00BE5989 /* Info.plist */ = {isa = PBXFileReference; lastKnownFileType = text.plist.xml; path = Info.plist; sourceTree = "<group>"; };
		E643AA3D27F38A7700BE5989 /* LoginScreenViewController.swift */ = {isa = PBXFileReference; lastKnownFileType = sourcecode.swift; path = LoginScreenViewController.swift; sourceTree = "<group>"; };
		E643AA3E27F38A7700BE5989 /* LoginScreen.xib */ = {isa = PBXFileReference; lastKnownFileType = file.xib; path = LoginScreen.xib; sourceTree = "<group>"; };
		E643AA4327F39BB700BE5989 /* SF-Pro-Display-Bold.otf */ = {isa = PBXFileReference; lastKnownFileType = file; path = "SF-Pro-Display-Bold.otf"; sourceTree = "<group>"; };
		E643AA4427F39BE500BE5989 /* SF-Pro-Display-Medium.otf */ = {isa = PBXFileReference; lastKnownFileType = file; path = "SF-Pro-Display-Medium.otf"; sourceTree = "<group>"; };
		E643AA4527F39BEE00BE5989 /* SF-Pro-Display-Semibold.otf */ = {isa = PBXFileReference; lastKnownFileType = file; path = "SF-Pro-Display-Semibold.otf"; sourceTree = "<group>"; };
/* End PBXFileReference section */

/* Begin PBXFrameworksBuildPhase section */
		E643AA1F27F3847400BE5989 /* Frameworks */ = {
			isa = PBXFrameworksBuildPhase;
			buildActionMask = 2147483647;
			files = (
			);
			runOnlyForDeploymentPostprocessing = 0;
		};
/* End PBXFrameworksBuildPhase section */

/* Begin PBXGroup section */
		E643AA1927F3847300BE5989 = {
			isa = PBXGroup;
			children = (
				E643AA2427F3847400BE5989 /* MobileUpTestTask */,
				E643AA2327F3847400BE5989 /* Products */,
			);
			sourceTree = "<group>";
		};
		E643AA2327F3847400BE5989 /* Products */ = {
			isa = PBXGroup;
			children = (
				E643AA2227F3847400BE5989 /* MobileUpTestTask.app */,
			);
			name = Products;
			sourceTree = "<group>";
		};
		E643AA2427F3847400BE5989 /* MobileUpTestTask */ = {
			isa = PBXGroup;
			children = (
				E643AA2727F3847400BE5989 /* SceneDelegate.swift */,
				E643AA2527F3847400BE5989 /* AppDelegate.swift */,
				E643AA3327F3847E00BE5989 /* Info.plist */,
				E643AA3B27F387F700BE5989 /* Models */,
				E643AA3927F387D200BE5989 /* Views */,
				E643AA3A27F387ED00BE5989 /* Controllers */,
				E643AA4227F38B3500BE5989 /* Resources */,
			);
			path = MobileUpTestTask;
			sourceTree = "<group>";
		};
		E643AA3927F387D200BE5989 /* Views */ = {
			isa = PBXGroup;
			children = (
				E643AA3C27F3889E00BE5989 /* LoginScreen */,
			);
			path = Views;
			sourceTree = "<group>";
		};
		E643AA3A27F387ED00BE5989 /* Controllers */ = {
			isa = PBXGroup;
			children = (
				E643AA4127F38A8E00BE5989 /* LoginScreen */,
			);
			path = Controllers;
			sourceTree = "<group>";
		};
		E643AA3B27F387F700BE5989 /* Models */ = {
			isa = PBXGroup;
			children = (
			);
			path = Models;
			sourceTree = "<group>";
		};
		E643AA3C27F3889E00BE5989 /* LoginScreen */ = {
			isa = PBXGroup;
			children = (
				E643AA3E27F38A7700BE5989 /* LoginScreen.xib */,
			);
			path = LoginScreen;
			sourceTree = "<group>";
		};
		E643AA4127F38A8E00BE5989 /* LoginScreen */ = {
			isa = PBXGroup;
			children = (
				E643AA3D27F38A7700BE5989 /* LoginScreenViewController.swift */,
			);
			path = LoginScreen;
			sourceTree = "<group>";
		};
		E643AA4227F38B3500BE5989 /* Resources */ = {
			isa = PBXGroup;
			children = (
				E643AA4627F39BF300BE5989 /* Fonts */,
				E643AA2E27F3847E00BE5989 /* Assets.xcassets */,
				E643AA3027F3847E00BE5989 /* LaunchScreen.storyboard */,
			);
			path = Resources;
			sourceTree = "<group>";
		};
		E643AA4627F39BF300BE5989 /* Fonts */ = {
			isa = PBXGroup;
			children = (
				E643AA4327F39BB700BE5989 /* SF-Pro-Display-Bold.otf */,
				E643AA4427F39BE500BE5989 /* SF-Pro-Display-Medium.otf */,
				E643AA4527F39BEE00BE5989 /* SF-Pro-Display-Semibold.otf */,
			);
			path = Fonts;
			sourceTree = "<group>";
		};
/* End PBXGroup section */

/* Begin PBXNativeTarget section */
		E643AA2127F3847400BE5989 /* MobileUpTestTask */ = {
			isa = PBXNativeTarget;
			buildConfigurationList = E643AA3627F3847E00BE5989 /* Build configuration list for PBXNativeTarget "MobileUpTestTask" */;
			buildPhases = (
				E643AA1E27F3847400BE5989 /* Sources */,
				E643AA1F27F3847400BE5989 /* Frameworks */,
				E643AA2027F3847400BE5989 /* Resources */,
			);
			buildRules = (
			);
			dependencies = (
			);
			name = MobileUpTestTask;
			productName = MobileUpTestTask;
			productReference = E643AA2227F3847400BE5989 /* MobileUpTestTask.app */;
			productType = "com.apple.product-type.application";
		};
/* End PBXNativeTarget section */

/* Begin PBXProject section */
		E643AA1A27F3847300BE5989 /* Project object */ = {
			isa = PBXProject;
			attributes = {
				BuildIndependentTargetsInParallel = 1;
				LastSwiftUpdateCheck = 1330;
				LastUpgradeCheck = 1330;
				TargetAttributes = {
					E643AA2127F3847400BE5989 = {
						CreatedOnToolsVersion = 13.3;
					};
				};
			};
			buildConfigurationList = E643AA1D27F3847400BE5989 /* Build configuration list for PBXProject "MobileUpTestTask" */;
			compatibilityVersion = "Xcode 13.0";
			developmentRegion = en;
			hasScannedForEncodings = 0;
			knownRegions = (
				en,
				Base,
			);
			mainGroup = E643AA1927F3847300BE5989;
			productRefGroup = E643AA2327F3847400BE5989 /* Products */;
			projectDirPath = "";
			projectRoot = "";
			targets = (
				E643AA2127F3847400BE5989 /* MobileUpTestTask */,
			);
		};
/* End PBXProject section */

/* Begin PBXResourcesBuildPhase section */
		E643AA2027F3847400BE5989 /* Resources */ = {
			isa = PBXResourcesBuildPhase;
			buildActionMask = 2147483647;
			files = (
				E643AA3227F3847E00BE5989 /* LaunchScreen.storyboard in Resources */,
				E643AA4027F38A7700BE5989 /* LoginScreen.xib in Resources */,
				E643AA2F27F3847E00BE5989 /* Assets.xcassets in Resources */,
			);
			runOnlyForDeploymentPostprocessing = 0;
		};
/* End PBXResourcesBuildPhase section */

/* Begin PBXSourcesBuildPhase section */
		E643AA1E27F3847400BE5989 /* Sources */ = {
			isa = PBXSourcesBuildPhase;
			buildActionMask = 2147483647;
			files = (
				E643AA2627F3847400BE5989 /* AppDelegate.swift in Sources */,
				E643AA2827F3847400BE5989 /* SceneDelegate.swift in Sources */,
				E643AA3F27F38A7700BE5989 /* LoginScreenViewController.swift in Sources */,
			);
			runOnlyForDeploymentPostprocessing = 0;
		};
/* End PBXSourcesBuildPhase section */

/* Begin PBXVariantGroup section */
		E643AA3027F3847E00BE5989 /* LaunchScreen.storyboard */ = {
			isa = PBXVariantGroup;
			children = (
				E643AA3127F3847E00BE5989 /* Base */,
			);
			name = LaunchScreen.storyboard;
			sourceTree = "<group>";
		};
/* End PBXVariantGroup section */

/* Begin XCBuildConfiguration section */
		E643AA3427F3847E00BE5989 /* Debug */ = {
			isa = XCBuildConfiguration;
			buildSettings = {
				ALWAYS_SEARCH_USER_PATHS = NO;
				CLANG_ANALYZER_NONNULL = YES;
				CLANG_ANALYZER_NUMBER_OBJECT_CONVERSION = YES_AGGRESSIVE;
				CLANG_CXX_LANGUAGE_STANDARD = "gnu++17";
				CLANG_ENABLE_MODULES = YES;
				CLANG_ENABLE_OBJC_ARC = YES;
				CLANG_ENABLE_OBJC_WEAK = YES;
				CLANG_WARN_BLOCK_CAPTURE_AUTORELEASING = YES;
				CLANG_WARN_BOOL_CONVERSION = YES;
				CLANG_WARN_COMMA = YES;
				CLANG_WARN_CONSTANT_CONVERSION = YES;
				CLANG_WARN_DEPRECATED_OBJC_IMPLEMENTATIONS = YES;
				CLANG_WARN_DIRECT_OBJC_ISA_USAGE = YES_ERROR;
				CLANG_WARN_DOCUMENTATION_COMMENTS = YES;
				CLANG_WARN_EMPTY_BODY = YES;
				CLANG_WARN_ENUM_CONVERSION = YES;
				CLANG_WARN_INFINITE_RECURSION = YES;
				CLANG_WARN_INT_CONVERSION = YES;
				CLANG_WARN_NON_LITERAL_NULL_CONVERSION = YES;
				CLANG_WARN_OBJC_IMPLICIT_RETAIN_SELF = YES;
				CLANG_WARN_OBJC_LITERAL_CONVERSION = YES;
				CLANG_WARN_OBJC_ROOT_CLASS = YES_ERROR;
				CLANG_WARN_QUOTED_INCLUDE_IN_FRAMEWORK_HEADER = YES;
				CLANG_WARN_RANGE_LOOP_ANALYSIS = YES;
				CLANG_WARN_STRICT_PROTOTYPES = YES;
				CLANG_WARN_SUSPICIOUS_MOVE = YES;
				CLANG_WARN_UNGUARDED_AVAILABILITY = YES_AGGRESSIVE;
				CLANG_WARN_UNREACHABLE_CODE = YES;
				CLANG_WARN__DUPLICATE_METHOD_MATCH = YES;
				COPY_PHASE_STRIP = NO;
				DEBUG_INFORMATION_FORMAT = dwarf;
				ENABLE_STRICT_OBJC_MSGSEND = YES;
				ENABLE_TESTABILITY = YES;
				GCC_C_LANGUAGE_STANDARD = gnu11;
				GCC_DYNAMIC_NO_PIC = NO;
				GCC_NO_COMMON_BLOCKS = YES;
				GCC_OPTIMIZATION_LEVEL = 0;
				GCC_PREPROCESSOR_DEFINITIONS = (
					"DEBUG=1",
					"$(inherited)",
				);
				GCC_WARN_64_TO_32_BIT_CONVERSION = YES;
				GCC_WARN_ABOUT_RETURN_TYPE = YES_ERROR;
				GCC_WARN_UNDECLARED_SELECTOR = YES;
				GCC_WARN_UNINITIALIZED_AUTOS = YES_AGGRESSIVE;
				GCC_WARN_UNUSED_FUNCTION = YES;
				GCC_WARN_UNUSED_VARIABLE = YES;
				IPHONEOS_DEPLOYMENT_TARGET = 15.4;
				MTL_ENABLE_DEBUG_INFO = INCLUDE_SOURCE;
				MTL_FAST_MATH = YES;
				ONLY_ACTIVE_ARCH = YES;
				SDKROOT = iphoneos;
				SWIFT_ACTIVE_COMPILATION_CONDITIONS = DEBUG;
				SWIFT_OPTIMIZATION_LEVEL = "-Onone";
			};
			name = Debug;
		};
		E643AA3527F3847E00BE5989 /* Release */ = {
			isa = XCBuildConfiguration;
			buildSettings = {
				ALWAYS_SEARCH_USER_PATHS = NO;
				CLANG_ANALYZER_NONNULL = YES;
				CLANG_ANALYZER_NUMBER_OBJECT_CONVERSION = YES_AGGRESSIVE;
				CLANG_CXX_LANGUAGE_STANDARD = "gnu++17";
				CLANG_ENABLE_MODULES = YES;
				CLANG_ENABLE_OBJC_ARC = YES;
				CLANG_ENABLE_OBJC_WEAK = YES;
				CLANG_WARN_BLOCK_CAPTURE_AUTORELEASING = YES;
				CLANG_WARN_BOOL_CONVERSION = YES;
				CLANG_WARN_COMMA = YES;
				CLANG_WARN_CONSTANT_CONVERSION = YES;
				CLANG_WARN_DEPRECATED_OBJC_IMPLEMENTATIONS = YES;
				CLANG_WARN_DIRECT_OBJC_ISA_USAGE = YES_ERROR;
				CLANG_WARN_DOCUMENTATION_COMMENTS = YES;
				CLANG_WARN_EMPTY_BODY = YES;
				CLANG_WARN_ENUM_CONVERSION = YES;
				CLANG_WARN_INFINITE_RECURSION = YES;
				CLANG_WARN_INT_CONVERSION = YES;
				CLANG_WARN_NON_LITERAL_NULL_CONVERSION = YES;
				CLANG_WARN_OBJC_IMPLICIT_RETAIN_SELF = YES;
				CLANG_WARN_OBJC_LITERAL_CONVERSION = YES;
				CLANG_WARN_OBJC_ROOT_CLASS = YES_ERROR;
				CLANG_WARN_QUOTED_INCLUDE_IN_FRAMEWORK_HEADER = YES;
				CLANG_WARN_RANGE_LOOP_ANALYSIS = YES;
				CLANG_WARN_STRICT_PROTOTYPES = YES;
				CLANG_WARN_SUSPICIOUS_MOVE = YES;
				CLANG_WARN_UNGUARDED_AVAILABILITY = YES_AGGRESSIVE;
				CLANG_WARN_UNREACHABLE_CODE = YES;
				CLANG_WARN__DUPLICATE_METHOD_MATCH = YES;
				COPY_PHASE_STRIP = NO;
				DEBUG_INFORMATION_FORMAT = "dwarf-with-dsym";
				ENABLE_NS_ASSERTIONS = NO;
				ENABLE_STRICT_OBJC_MSGSEND = YES;
				GCC_C_LANGUAGE_STANDARD = gnu11;
				GCC_NO_COMMON_BLOCKS = YES;
				GCC_WARN_64_TO_32_BIT_CONVERSION = YES;
				GCC_WARN_ABOUT_RETURN_TYPE = YES_ERROR;
				GCC_WARN_UNDECLARED_SELECTOR = YES;
				GCC_WARN_UNINITIALIZED_AUTOS = YES_AGGRESSIVE;
				GCC_WARN_UNUSED_FUNCTION = YES;
				GCC_WARN_UNUSED_VARIABLE = YES;
				IPHONEOS_DEPLOYMENT_TARGET = 15.4;
				MTL_ENABLE_DEBUG_INFO = NO;
				MTL_FAST_MATH = YES;
				SDKROOT = iphoneos;
				SWIFT_COMPILATION_MODE = wholemodule;
				SWIFT_OPTIMIZATION_LEVEL = "-O";
				VALIDATE_PRODUCT = YES;
			};
			name = Release;
		};
		E643AA3727F3847E00BE5989 /* Debug */ = {
			isa = XCBuildConfiguration;
			buildSettings = {
				ASSETCATALOG_COMPILER_APPICON_NAME = AppIcon;
				ASSETCATALOG_COMPILER_GLOBAL_ACCENT_COLOR_NAME = AccentColor;
				CODE_SIGN_STYLE = Automatic;
				CURRENT_PROJECT_VERSION = 1;
				DEVELOPMENT_TEAM = PC2MGZ83PZ;
				GENERATE_INFOPLIST_FILE = YES;
				INFOPLIST_FILE = MobileUpTestTask/Info.plist;
				INFOPLIST_KEY_UIApplicationSupportsIndirectInputEvents = YES;
				INFOPLIST_KEY_UILaunchStoryboardName = LaunchScreen;
				INFOPLIST_KEY_UISupportedInterfaceOrientations = UIInterfaceOrientationPortrait;
				INFOPLIST_KEY_UISupportedInterfaceOrientations_iPhone = UIInterfaceOrientationPortrait;
				IPHONEOS_DEPLOYMENT_TARGET = 13.0;
				LD_RUNPATH_SEARCH_PATHS = (
					"$(inherited)",
					"@executable_path/Frameworks",
				);
				MARKETING_VERSION = 1.0;
				PRODUCT_BUNDLE_IDENTIFIER = ru.shokseDev.MobileUpTestTask;
				PRODUCT_NAME = "$(TARGET_NAME)";
				SWIFT_EMIT_LOC_STRINGS = YES;
				SWIFT_VERSION = 5.0;
				TARGETED_DEVICE_FAMILY = 1;
			};
			name = Debug;
		};
		E643AA3827F3847E00BE5989 /* Release */ = {
			isa = XCBuildConfiguration;
			buildSettings = {
				ASSETCATALOG_COMPILER_APPICON_NAME = AppIcon;
				ASSETCATALOG_COMPILER_GLOBAL_ACCENT_COLOR_NAME = AccentColor;
				CODE_SIGN_STYLE = Automatic;
				CURRENT_PROJECT_VERSION = 1;
				DEVELOPMENT_TEAM = PC2MGZ83PZ;
				GENERATE_INFOPLIST_FILE = YES;
				INFOPLIST_FILE = MobileUpTestTask/Info.plist;
				INFOPLIST_KEY_UIApplicationSupportsIndirectInputEvents = YES;
				INFOPLIST_KEY_UILaunchStoryboardName = LaunchScreen;
				INFOPLIST_KEY_UISupportedInterfaceOrientations = UIInterfaceOrientationPortrait;
				INFOPLIST_KEY_UISupportedInterfaceOrientations_iPhone = UIInterfaceOrientationPortrait;
				IPHONEOS_DEPLOYMENT_TARGET = 13.0;
				LD_RUNPATH_SEARCH_PATHS = (
					"$(inherited)",
					"@executable_path/Frameworks",
				);
				MARKETING_VERSION = 1.0;
				PRODUCT_BUNDLE_IDENTIFIER = ru.shokseDev.MobileUpTestTask;
				PRODUCT_NAME = "$(TARGET_NAME)";
				SWIFT_EMIT_LOC_STRINGS = YES;
				SWIFT_VERSION = 5.0;
				TARGETED_DEVICE_FAMILY = 1;
			};
			name = Release;
		};
/* End XCBuildConfiguration section */

/* Begin XCConfigurationList section */
		E643AA1D27F3847400BE5989 /* Build configuration list for PBXProject "MobileUpTestTask" */ = {
			isa = XCConfigurationList;
			buildConfigurations = (
				E643AA3427F3847E00BE5989 /* Debug */,
				E643AA3527F3847E00BE5989 /* Release */,
			);
			defaultConfigurationIsVisible = 0;
			defaultConfigurationName = Release;
		};
		E643AA3627F3847E00BE5989 /* Build configuration list for PBXNativeTarget "MobileUpTestTask" */ = {
			isa = XCConfigurationList;
			buildConfigurations = (
				E643AA3727F3847E00BE5989 /* Debug */,
				E643AA3827F3847E00BE5989 /* Release */,
			);
			defaultConfigurationIsVisible = 0;
			defaultConfigurationName = Release;
		};
/* End XCConfigurationList section */
	};
	rootObject = E643AA1A27F3847300BE5989 /* Project object */;
}
